
Microsoft Visual Studio Solution File, Format Version 12.00
# Visual Studio 14
VisualStudioVersion = 14.0.23107.0
MinimumVisualStudioVersion = 10.0.40219.1
Project("{FAE04EC0-301F-11D3-BF4B-00C04F79EFBC}") = "Spreadsheet", "Spreadsheet\Spreadsheet.csproj", "{CCE32CEF-788B-4F41-9D89-6AE616BD7FEF}"
EndProject
Project("{FAE04EC0-301F-11D3-BF4B-00C04F79EFBC}") = "Test", "Test\Test.csproj", "{C25A1426-8271-4A95-8EFD-83DF289DD701}"
EndProject
Global
	GlobalSection(SolutionConfigurationPlatforms) = preSolution
		Debug|Any CPU = Debug|Any CPU
		Release|Any CPU = Release|Any CPU
	EndGlobalSection
	GlobalSection(ProjectConfigurationPlatforms) = postSolution
		{CCE32CEF-788B-4F41-9D89-6AE616BD7FEF}.Debug|Any CPU.ActiveCfg = Debug|Any CPU
		{CCE32CEF-788B-4F41-9D89-6AE616BD7FEF}.Debug|Any CPU.Build.0 = Debug|Any CPU
		{CCE32CEF-788B-4F41-9D89-6AE616BD7FEF}.Release|Any CPU.ActiveCfg = Release|Any CPU
		{CCE32CEF-788B-4F41-9D89-6AE616BD7FEF}.Release|Any CPU.Build.0 = Release|Any CPU
		{C25A1426-8271-4A95-8EFD-83DF289DD701}.Debug|Any CPU.ActiveCfg = Debug|Any CPU
		{C25A1426-8271-4A95-8EFD-83DF289DD701}.Debug|Any CPU.Build.0 = Debug|Any CPU
		{C25A1426-8271-4A95-8EFD-83DF289DD701}.Release|Any CPU.ActiveCfg = Release|Any CPU
		{C25A1426-8271-4A95-8EFD-83DF289DD701}.Release|Any CPU.Build.0 = Release|Any CPU
	EndGlobalSection
	GlobalSection(SolutionProperties) = preSolution
		HideSolutionNode = FALSE
	EndGlobalSection
EndGlobal
